
Microsoft Visual Studio Solution File, Format Version 12.00
# Visual Studio Version 16
VisualStudioVersion = 16.0.31205.134
MinimumVisualStudioVersion = 10.0.40219.1
Project("{9A19103F-16F7-4668-BE54-9A1E7A4F7556}") = "DiscordAudioStreamer", "DiscordAudioStreamer\DiscordAudioStreamer.csproj", "{4720CA77-AD28-43C7-927F-5B864F353337}"
EndProject
Project("{9A19103F-16F7-4668-BE54-9A1E7A4F7556}") = "DiscordBot", "DiscordBot\DiscordBot.csproj", "{CCC451E1-0F0D-45B0-B0A3-351C6C0C3A2C}"
EndProject
Project("{FAE04EC0-301F-11D3-BF4B-00C04F79EFBC}") = "DiscordAudioStreamer.Model", "DiscordAudioStreamer.Model\DiscordAudioStreamer.Model.csproj", "{7CB03830-3BC7-4326-87CC-182C7909FECE}"
EndProject
Project("{FAE04EC0-301F-11D3-BF4B-00C04F79EFBC}") = "DiscordAudioStreamer.Engine", "DiscordAudioStreamer.Engine\DiscordAudioStreamer.Engine.csproj", "{9E16C03F-D29C-4A94-ADA8-563D1D090D18}"
EndProject
Global
	GlobalSection(SolutionConfigurationPlatforms) = preSolution
		Debug|Any CPU = Debug|Any CPU
		Release|Any CPU = Release|Any CPU
	EndGlobalSection
	GlobalSection(ProjectConfigurationPlatforms) = postSolution
		{4720CA77-AD28-43C7-927F-5B864F353337}.Debug|Any CPU.ActiveCfg = Debug|Any CPU
		{4720CA77-AD28-43C7-927F-5B864F353337}.Debug|Any CPU.Build.0 = Debug|Any CPU
		{4720CA77-AD28-43C7-927F-5B864F353337}.Release|Any CPU.ActiveCfg = Release|Any CPU
		{4720CA77-AD28-43C7-927F-5B864F353337}.Release|Any CPU.Build.0 = Release|Any CPU
		{CCC451E1-0F0D-45B0-B0A3-351C6C0C3A2C}.Debug|Any CPU.ActiveCfg = Debug|Any CPU
		{CCC451E1-0F0D-45B0-B0A3-351C6C0C3A2C}.Debug|Any CPU.Build.0 = Debug|Any CPU
		{CCC451E1-0F0D-45B0-B0A3-351C6C0C3A2C}.Release|Any CPU.ActiveCfg = Release|Any CPU
		{CCC451E1-0F0D-45B0-B0A3-351C6C0C3A2C}.Release|Any CPU.Build.0 = Release|Any CPU
		{7CB03830-3BC7-4326-87CC-182C7909FECE}.Debug|Any CPU.ActiveCfg = Debug|Any CPU
		{7CB03830-3BC7-4326-87CC-182C7909FECE}.Debug|Any CPU.Build.0 = Debug|Any CPU
		{7CB03830-3BC7-4326-87CC-182C7909FECE}.Release|Any CPU.ActiveCfg = Release|Any CPU
		{7CB03830-3BC7-4326-87CC-182C7909FECE}.Release|Any CPU.Build.0 = Release|Any CPU
		{9E16C03F-D29C-4A94-ADA8-563D1D090D18}.Debug|Any CPU.ActiveCfg = Debug|Any CPU
		{9E16C03F-D29C-4A94-ADA8-563D1D090D18}.Debug|Any CPU.Build.0 = Debug|Any CPU
		{9E16C03F-D29C-4A94-ADA8-563D1D090D18}.Release|Any CPU.ActiveCfg = Release|Any CPU
		{9E16C03F-D29C-4A94-ADA8-563D1D090D18}.Release|Any CPU.Build.0 = Release|Any CPU
	EndGlobalSection
	GlobalSection(SolutionProperties) = preSolution
		HideSolutionNode = FALSE
	EndGlobalSection
	GlobalSection(ExtensibilityGlobals) = postSolution
		SolutionGuid = {5261F3F6-8E49-4BD8-8C11-0272DB08F0B7}
	EndGlobalSection
EndGlobal
